
Microsoft Visual Studio Solution File, Format Version 12.00
# Visual Studio Version 17
VisualStudioVersion = 17.0.31903.59
MinimumVisualStudioVersion = 10.0.40219.1
Project("{2150E333-8FDC-42A3-9474-1A3956D46DE8}") = "src", "src", "{948736E4-8CF4-4424-AB7E-61F867E5434D}"
EndProject
Project("{FAE04EC0-301F-11D3-BF4B-00C04F79EFBC}") = "Dfe.SignIn.PublicApi", "src\Dfe.SignIn.PublicApi\Dfe.SignIn.PublicApi.csproj", "{148C00DB-C3ED-4B31-A337-62069F96D6E1}"
EndProject
Project("{2150E333-8FDC-42A3-9474-1A3956D46DE8}") = "tests", "tests", "{9A1957A5-1F13-49C3-8D94-35CC192825F3}"
EndProject
Project("{FAE04EC0-301F-11D3-BF4B-00C04F79EFBC}") = "Dfe.SignIn.PublicApi.UnitTests", "tests\Dfe.SignIn.PublicApi.UnitTests\Dfe.SignIn.PublicApi.UnitTests.csproj", "{EC24AF88-2282-4E6A-8619-55477D6AF980}"
EndProject
Project("{FAE04EC0-301F-11D3-BF4B-00C04F79EFBC}") = "Dfe.SignIn.PublicApiClient", "src\Dfe.SignIn.PublicApiClient\Dfe.SignIn.PublicApiClient.csproj", "{69529C2A-D5FF-41A7-BA3F-BA405FB302F3}"
EndProject
Project("{FAE04EC0-301F-11D3-BF4B-00C04F79EFBC}") = "Dfe.SignIn.PublicApiClient.UnitTests", "tests\Dfe.SignIn.PublicApiClient.UnitTests\Dfe.SignIn.PublicApiClient.UnitTests.csproj", "{BDBE104C-1EB4-40F2-BDEF-600B27E89905}"
EndProject
Global
	GlobalSection(SolutionConfigurationPlatforms) = preSolution
		Debug|Any CPU = Debug|Any CPU
		Release|Any CPU = Release|Any CPU
	EndGlobalSection
	GlobalSection(SolutionProperties) = preSolution
		HideSolutionNode = FALSE
	EndGlobalSection
	GlobalSection(ProjectConfigurationPlatforms) = postSolution
		{148C00DB-C3ED-4B31-A337-62069F96D6E1}.Debug|Any CPU.ActiveCfg = Debug|Any CPU
		{148C00DB-C3ED-4B31-A337-62069F96D6E1}.Debug|Any CPU.Build.0 = Debug|Any CPU
		{148C00DB-C3ED-4B31-A337-62069F96D6E1}.Release|Any CPU.ActiveCfg = Release|Any CPU
		{148C00DB-C3ED-4B31-A337-62069F96D6E1}.Release|Any CPU.Build.0 = Release|Any CPU
		{EC24AF88-2282-4E6A-8619-55477D6AF980}.Debug|Any CPU.ActiveCfg = Debug|Any CPU
		{EC24AF88-2282-4E6A-8619-55477D6AF980}.Debug|Any CPU.Build.0 = Debug|Any CPU
		{EC24AF88-2282-4E6A-8619-55477D6AF980}.Release|Any CPU.ActiveCfg = Release|Any CPU
		{EC24AF88-2282-4E6A-8619-55477D6AF980}.Release|Any CPU.Build.0 = Release|Any CPU
		{69529C2A-D5FF-41A7-BA3F-BA405FB302F3}.Debug|Any CPU.ActiveCfg = Debug|Any CPU
		{69529C2A-D5FF-41A7-BA3F-BA405FB302F3}.Debug|Any CPU.Build.0 = Debug|Any CPU
		{69529C2A-D5FF-41A7-BA3F-BA405FB302F3}.Release|Any CPU.ActiveCfg = Release|Any CPU
		{69529C2A-D5FF-41A7-BA3F-BA405FB302F3}.Release|Any CPU.Build.0 = Release|Any CPU
		{BDBE104C-1EB4-40F2-BDEF-600B27E89905}.Debug|Any CPU.ActiveCfg = Debug|Any CPU
		{BDBE104C-1EB4-40F2-BDEF-600B27E89905}.Debug|Any CPU.Build.0 = Debug|Any CPU
		{BDBE104C-1EB4-40F2-BDEF-600B27E89905}.Release|Any CPU.ActiveCfg = Release|Any CPU
		{BDBE104C-1EB4-40F2-BDEF-600B27E89905}.Release|Any CPU.Build.0 = Release|Any CPU
	EndGlobalSection
	GlobalSection(NestedProjects) = preSolution
		{148C00DB-C3ED-4B31-A337-62069F96D6E1} = {948736E4-8CF4-4424-AB7E-61F867E5434D}
		{EC24AF88-2282-4E6A-8619-55477D6AF980} = {9A1957A5-1F13-49C3-8D94-35CC192825F3}
		{69529C2A-D5FF-41A7-BA3F-BA405FB302F3} = {948736E4-8CF4-4424-AB7E-61F867E5434D}
		{BDBE104C-1EB4-40F2-BDEF-600B27E89905} = {9A1957A5-1F13-49C3-8D94-35CC192825F3}
	EndGlobalSection
EndGlobal
